<?xml version="1.0" encoding="utf-8"?>
<Project ToolsVersion="4.0" xmlns="http://schemas.microsoft.com/developer/msbuild/2003">
  <ItemGroup>
    <Filter Include="Source Files">
      <UniqueIdentifier>{4FC737F1-C7A5-4376-A066-2A32D752A2FF}</UniqueIdentifier>
      <Extensions>cpp;c;cc;cxx;c++;cppm;ixx;def;odl;idl;hpj;bat;asm;asmx</Extensions>
    </Filter>
    <Filter Include="Resource Files">
      <UniqueIdentifier>{67DA6AB6-F800-4c08-8B7A-83BB121AAD01}</UniqueIdentifier>
      <Extensions>rc;ico;cur;bmp;dlg;rc2;rct;bin;rgs;gif;jpg;jpeg;jpe;resx;tiff;tif;png;wav;mfcribbon-ms</Extensions>
    </Filter>
    <Filter Include="Variante">
      <UniqueIdentifier>{8d11981a-6e54-4c4e-b587-e46c7369ef97}</UniqueIdentifier>
    </Filter>
    <Filter Include="Variante\Varianta 1">
      <UniqueIdentifier>{5266108b-8d4d-437c-8572-8253c07ac2e7}</UniqueIdentifier>
    </Filter>
    <Filter Include="Variante\Varianta 2">
      <UniqueIdentifier>{d68d1d93-e46e-4e81-bf51-ba4545e951d5}</UniqueIdentifier>
    </Filter>
    <Filter Include="Variante\Varianta 3">
      <UniqueIdentifier>{aa30f081-1d93-4255-bcd7-7b113b36a60e}</UniqueIdentifier>
    </Filter>
    <Filter Include="Variante\Varianta 6">
      <UniqueIdentifier>{4e8936e3-d630-4f62-8b70-3d0070dd0447}</UniqueIdentifier>
    </Filter>
    <Filter Include="Variante\Varianta 5">
      <UniqueIdentifier>{fadb3108-46dd-4adf-8a3e-fad8bd792085}</UniqueIdentifier>
    </Filter>
    <Filter Include="Variante\Varianta 7">
      <UniqueIdentifier>{73848d7f-3c06-401d-8e2d-43d20234c8a8}</UniqueIdentifier>
    </Filter>
    <Filter Include="Variante\Varianta 8">
      <UniqueIdentifier>{09bfe78a-43ab-4dc2-9711-ef9c07722ee5}</UniqueIdentifier>
    </Filter>
    <Filter Include="Variante\Varianta 9">
      <UniqueIdentifier>{1c2941ba-c206-49bc-aca0-e6439557eddd}</UniqueIdentifier>
    </Filter>
    <Filter Include="Variante\Varianta 10">
      <UniqueIdentifier>{5deae709-2924-4af7-a565-d5fca7c26bdd}</UniqueIdentifier>
    </Filter>
    <Filter Include="Variante\Varianta 11">
      <UniqueIdentifier>{3d5f8359-d809-4cad-b3f9-d27d95ba51ca}</UniqueIdentifier>
    </Filter>
    <Filter Include="Variante\Varianta 12">
      <UniqueIdentifier>{6e831815-5076-42da-ad16-695e676fdc83}</UniqueIdentifier>
    </Filter>
    <Filter Include="Variante\Varianta 13">
      <UniqueIdentifier>{86815e01-87cc-4550-963b-5ab0e2da8335}</UniqueIdentifier>
    </Filter>
    <Filter Include="Variante\Varianta 14">
      <UniqueIdentifier>{67f64fdc-0d2b-41b9-a8e5-9e26e93946ce}</UniqueIdentifier>
    </Filter>
    <Filter Include="Variante\Varianta 15">
      <UniqueIdentifier>{cf4ca671-f66e-49da-a4bc-6808faa59479}</UniqueIdentifier>
    </Filter>
    <Filter Include="Variante\Varianta 16">
      <UniqueIdentifier>{b3898084-6fee-4bb1-9234-c8205f9381af}</UniqueIdentifier>
    </Filter>
  </ItemGroup>
  <ItemGroup>
    <ClCompile Include="variante-bacalaureat.cpp">
      <Filter>Source Files</Filter>
    </ClCompile>
  </ItemGroup>
  <ItemGroup>
    <Text Include="input.txt">
      <Filter>Resource Files</Filter>
    </Text>
    <Text Include="output.txt">
      <Filter>Resource Files</Filter>
    </Text>
  </ItemGroup>
  <ItemGroup>
    <ClInclude Include="Varianta-1.h">
      <Filter>Variante\Varianta 1</Filter>
    </ClInclude>
    <ClInclude Include="Varianta-2.h">
      <Filter>Variante\Varianta 2</Filter>
    </ClInclude>
    <ClInclude Include="Varianta-3.h">
      <Filter>Variante\Varianta 3</Filter>
    </ClInclude>
    <ClInclude Include="Varianta-5.h">
      <Filter>Variante\Varianta 5</Filter>
    </ClInclude>
    <ClInclude Include="Varianta-6.h">
      <Filter>Variante\Varianta 6</Filter>
    </ClInclude>
    <ClInclude Include="Varianta-7.h">
      <Filter>Variante\Varianta 7</Filter>
    </ClInclude>
    <ClInclude Include="Varianta-8.h">
      <Filter>Variante\Varianta 8</Filter>
    </ClInclude>
    <ClInclude Include="Varianta-9.h">
      <Filter>Variante\Varianta 9</Filter>
    </ClInclude>
    <ClInclude Include="Varianta-10.h">
      <Filter>Variante\Varianta 10</Filter>
    </ClInclude>
    <ClInclude Include="Varianta-11.h">
      <Filter>Variante\Varianta 11</Filter>
    </ClInclude>
    <ClInclude Include="functii-varianta-1.h">
      <Filter>Variante\Varianta 1</Filter>
    </ClInclude>
    <ClInclude Include="functii-varianta-2.h">
      <Filter>Variante\Varianta 2</Filter>
    </ClInclude>
    <ClInclude Include="functii-varianta-3.h">
      <Filter>Variante\Varianta 3</Filter>
    </ClInclude>
    <ClInclude Include="functii-varianta-5.h">
      <Filter>Variante\Varianta 5</Filter>
    </ClInclude>
    <ClInclude Include="functii-varianta-6.h">
      <Filter>Variante\Varianta 6</Filter>
    </ClInclude>
    <ClInclude Include="functii-varianta-7.h">
      <Filter>Variante\Varianta 7</Filter>
    </ClInclude>
    <ClInclude Include="functii-varianta-8.h">
      <Filter>Variante\Varianta 8</Filter>
    </ClInclude>
    <ClInclude Include="functii-varianta-9.h">
      <Filter>Variante\Varianta 9</Filter>
    </ClInclude>
    <ClInclude Include="functii-varianta-10.h">
      <Filter>Variante\Varianta 10</Filter>
    </ClInclude>
    <ClInclude Include="functii-varianta-11.h">
      <Filter>Variante\Varianta 11</Filter>
    </ClInclude>
    <ClInclude Include="varianta-12.h">
      <Filter>Variante\Varianta 12</Filter>
    </ClInclude>
    <ClInclude Include="functii-varianta-12.h">
      <Filter>Variante\Varianta 12</Filter>
    </ClInclude>
    <ClInclude Include="varianta-13.h">
      <Filter>Variante\Varianta 13</Filter>
    </ClInclude>
    <ClInclude Include="varianta-14.h">
      <Filter>Variante\Varianta 14</Filter>
    </ClInclude>
    <ClInclude Include="varianta-15.h">
      <Filter>Variante\Varianta 15</Filter>
    </ClInclude>
    <ClInclude Include="varianta-16.h">
      <Filter>Variante\Varianta 16</Filter>
    </ClInclude>
    <ClInclude Include="functii-varianta-13.h">
      <Filter>Variante\Varianta 13</Filter>
    </ClInclude>
    <ClInclude Include="functii-varianta-14.h">
      <Filter>Variante\Varianta 14</Filter>
    </ClInclude>
    <ClInclude Include="functii-varianta-15.h">
      <Filter>Variante\Varianta 15</Filter>
    </ClInclude>
    <ClInclude Include="functii-varianta-16.h">
      <Filter>Variante\Varianta 16</Filter>
    </ClInclude>
  </ItemGroup>
</Project>